
Microsoft Visual Studio Solution File, Format Version 12.00
# Visual Studio Version 17
VisualStudioVersion = 17.10.34928.147
MinimumVisualStudioVersion = 10.0.40219.1
Project("{FAE04EC0-301F-11D3-BF4B-00C04F79EFBC}") = "TesteHTTPS2", "TesteHTTPS2\TesteHTTPS2.csproj", "{305D875B-3CA9-46A0-8BAF-47E5AB393FD7}"
EndProject
Global
	GlobalSection(SolutionConfigurationPlatforms) = preSolution
		Debug|Any CPU = Debug|Any CPU
		Release|Any CPU = Release|Any CPU
	EndGlobalSection
	GlobalSection(ProjectConfigurationPlatforms) = postSolution
		{305D875B-3CA9-46A0-8BAF-47E5AB393FD7}.Debug|Any CPU.ActiveCfg = Debug|Any CPU
		{305D875B-3CA9-46A0-8BAF-47E5AB393FD7}.Debug|Any CPU.Build.0 = Debug|Any CPU
		{305D875B-3CA9-46A0-8BAF-47E5AB393FD7}.Release|Any CPU.ActiveCfg = Release|Any CPU
		{305D875B-3CA9-46A0-8BAF-47E5AB393FD7}.Release|Any CPU.Build.0 = Release|Any CPU
	EndGlobalSection
	GlobalSection(SolutionProperties) = preSolution
		HideSolutionNode = FALSE
	EndGlobalSection
	GlobalSection(ExtensibilityGlobals) = postSolution
		SolutionGuid = {21CF36D7-993B-4415-9157-533B61016313}
	EndGlobalSection
EndGlobal
